
Microsoft Visual Studio Solution File, Format Version 12.00
# Visual Studio Version 17
VisualStudioVersion = 17.8.34322.80
MinimumVisualStudioVersion = 10.0.40219.1
Project("{2150E333-8FDC-42A3-9474-1A3956D46DE8}") = "1.Nullability", "1.Nullability", "{641ED5C7-F533-4CD2-AABE-79392711DA11}"
EndProject
Project("{2150E333-8FDC-42A3-9474-1A3956D46DE8}") = "2.PrimaryConstructors", "2.PrimaryConstructors", "{E5B94377-ABEE-444E-9292-5CDC970135F2}"
EndProject
Project("{2150E333-8FDC-42A3-9474-1A3956D46DE8}") = "3.CollectionExpressions", "3.CollectionExpressions", "{C5A1EC9C-0B13-4BF2-8045-B6B58163EE55}"
EndProject
Project("{9A19103F-16F7-4668-BE54-9A1E7A4F7556}") = "Demo", "PrimaryConstructors\Demo\Demo.csproj", "{8AC7FE61-0DB8-4C6F-8358-AF33FF79C56B}"
EndProject
Project("{9A19103F-16F7-4668-BE54-9A1E7A4F7556}") = "Demo", "CollectionExpressions\Demo\Demo.csproj", "{37764061-02E7-432F-8B66-1001D76B8005}"
EndProject
Project("{2150E333-8FDC-42A3-9474-1A3956D46DE8}") = "4.RefReadonly", "4.RefReadonly", "{2C4232B4-40D9-4900-AD74-D81749EAAAC8}"
EndProject
Project("{9A19103F-16F7-4668-BE54-9A1E7A4F7556}") = "Demo", "RefReadonly\Demo\Demo.csproj", "{61679B2B-F265-495E-85EB-5A451B044390}"
EndProject
Project("{2150E333-8FDC-42A3-9474-1A3956D46DE8}") = "5.DefaultLambdaParams", "5.DefaultLambdaParams", "{7C169291-3F2E-473D-B633-28D0C801FC58}"
EndProject
Project("{9A19103F-16F7-4668-BE54-9A1E7A4F7556}") = "Demo", "DefaultLambdaParams\Demo\Demo.csproj", "{BB012F6C-DEEC-48F6-B711-C3485878E9FA}"
EndProject
Project("{2150E333-8FDC-42A3-9474-1A3956D46DE8}") = "6.FrozenCollections", "6.FrozenCollections", "{F41609AA-FA9B-402D-B2DC-675F11BEE25E}"
EndProject
Project("{9A19103F-16F7-4668-BE54-9A1E7A4F7556}") = "Demo", "FrozenCollections\Demo\Demo.csproj", "{22C75085-B7FF-4290-BE6C-477E800EE6BA}"
EndProject
Project("{2150E333-8FDC-42A3-9474-1A3956D46DE8}") = "7.Blazor", "7.Blazor", "{45B42266-2ED3-4F51-AF5C-2B33EDE56E3F}"
EndProject
Project("{2150E333-8FDC-42A3-9474-1A3956D46DE8}") = "InteractiveServer", "InteractiveServer", "{194B5431-4C1D-4E6A-B561-E68B1907E957}"
EndProject
Project("{9A19103F-16F7-4668-BE54-9A1E7A4F7556}") = "Demo", "Blazor\InteractiveServer\Demo\Demo.csproj", "{C27D304B-2228-41FB-AF1D-8CD529C2F00C}"
EndProject
Project("{2150E333-8FDC-42A3-9474-1A3956D46DE8}") = "InteractiveWASM", "InteractiveWASM", "{25F079FB-668E-4358-91D1-0098F14E37BF}"
EndProject
Project("{9A19103F-16F7-4668-BE54-9A1E7A4F7556}") = "Demo", "Blazor\InteractiveWASM\Demo\Demo\Demo.csproj", "{01EA02E2-A130-47AE-A04A-C5C8CDC1C347}"
EndProject
Project("{9A19103F-16F7-4668-BE54-9A1E7A4F7556}") = "Demo.Client", "Blazor\InteractiveWASM\Demo\Demo.Client\Demo.Client.csproj", "{24AFF198-DD13-4626-8F94-73602EF93AAD}"
EndProject
Project("{FAE04EC0-301F-11D3-BF4B-00C04F79EFBC}") = "Demo", "Nullability\Demo\Demo.csproj", "{415561BC-CF64-42EF-A778-C5045A83BF2F}"
EndProject
Project("{2150E333-8FDC-42A3-9474-1A3956D46DE8}") = "8.Authentication", "8.Authentication", "{70352F19-F49A-48B0-9432-CB0556C8A043}"
EndProject
Project("{FAE04EC0-301F-11D3-BF4B-00C04F79EFBC}") = "Demo", "Authentication\Demo\Demo.csproj", "{48CCC5AB-D766-4B4E-9732-0AEBF668A86F}"
EndProject
Global
	GlobalSection(SolutionConfigurationPlatforms) = preSolution
		Debug|Any CPU = Debug|Any CPU
		Release|Any CPU = Release|Any CPU
	EndGlobalSection
	GlobalSection(ProjectConfigurationPlatforms) = postSolution
		{8AC7FE61-0DB8-4C6F-8358-AF33FF79C56B}.Debug|Any CPU.ActiveCfg = Debug|Any CPU
		{8AC7FE61-0DB8-4C6F-8358-AF33FF79C56B}.Debug|Any CPU.Build.0 = Debug|Any CPU
		{8AC7FE61-0DB8-4C6F-8358-AF33FF79C56B}.Release|Any CPU.ActiveCfg = Release|Any CPU
		{8AC7FE61-0DB8-4C6F-8358-AF33FF79C56B}.Release|Any CPU.Build.0 = Release|Any CPU
		{37764061-02E7-432F-8B66-1001D76B8005}.Debug|Any CPU.ActiveCfg = Debug|Any CPU
		{37764061-02E7-432F-8B66-1001D76B8005}.Debug|Any CPU.Build.0 = Debug|Any CPU
		{37764061-02E7-432F-8B66-1001D76B8005}.Release|Any CPU.ActiveCfg = Release|Any CPU
		{37764061-02E7-432F-8B66-1001D76B8005}.Release|Any CPU.Build.0 = Release|Any CPU
		{61679B2B-F265-495E-85EB-5A451B044390}.Debug|Any CPU.ActiveCfg = Debug|Any CPU
		{61679B2B-F265-495E-85EB-5A451B044390}.Debug|Any CPU.Build.0 = Debug|Any CPU
		{61679B2B-F265-495E-85EB-5A451B044390}.Release|Any CPU.ActiveCfg = Release|Any CPU
		{61679B2B-F265-495E-85EB-5A451B044390}.Release|Any CPU.Build.0 = Release|Any CPU
		{BB012F6C-DEEC-48F6-B711-C3485878E9FA}.Debug|Any CPU.ActiveCfg = Debug|Any CPU
		{BB012F6C-DEEC-48F6-B711-C3485878E9FA}.Debug|Any CPU.Build.0 = Debug|Any CPU
		{BB012F6C-DEEC-48F6-B711-C3485878E9FA}.Release|Any CPU.ActiveCfg = Release|Any CPU
		{BB012F6C-DEEC-48F6-B711-C3485878E9FA}.Release|Any CPU.Build.0 = Release|Any CPU
		{22C75085-B7FF-4290-BE6C-477E800EE6BA}.Debug|Any CPU.ActiveCfg = Debug|Any CPU
		{22C75085-B7FF-4290-BE6C-477E800EE6BA}.Debug|Any CPU.Build.0 = Debug|Any CPU
		{22C75085-B7FF-4290-BE6C-477E800EE6BA}.Release|Any CPU.ActiveCfg = Release|Any CPU
		{22C75085-B7FF-4290-BE6C-477E800EE6BA}.Release|Any CPU.Build.0 = Release|Any CPU
		{C27D304B-2228-41FB-AF1D-8CD529C2F00C}.Debug|Any CPU.ActiveCfg = Debug|Any CPU
		{C27D304B-2228-41FB-AF1D-8CD529C2F00C}.Debug|Any CPU.Build.0 = Debug|Any CPU
		{C27D304B-2228-41FB-AF1D-8CD529C2F00C}.Release|Any CPU.ActiveCfg = Release|Any CPU
		{C27D304B-2228-41FB-AF1D-8CD529C2F00C}.Release|Any CPU.Build.0 = Release|Any CPU
		{01EA02E2-A130-47AE-A04A-C5C8CDC1C347}.Debug|Any CPU.ActiveCfg = Debug|Any CPU
		{01EA02E2-A130-47AE-A04A-C5C8CDC1C347}.Debug|Any CPU.Build.0 = Debug|Any CPU
		{01EA02E2-A130-47AE-A04A-C5C8CDC1C347}.Release|Any CPU.ActiveCfg = Release|Any CPU
		{01EA02E2-A130-47AE-A04A-C5C8CDC1C347}.Release|Any CPU.Build.0 = Release|Any CPU
		{24AFF198-DD13-4626-8F94-73602EF93AAD}.Debug|Any CPU.ActiveCfg = Debug|Any CPU
		{24AFF198-DD13-4626-8F94-73602EF93AAD}.Debug|Any CPU.Build.0 = Debug|Any CPU
		{24AFF198-DD13-4626-8F94-73602EF93AAD}.Release|Any CPU.ActiveCfg = Release|Any CPU
		{24AFF198-DD13-4626-8F94-73602EF93AAD}.Release|Any CPU.Build.0 = Release|Any CPU
		{415561BC-CF64-42EF-A778-C5045A83BF2F}.Debug|Any CPU.ActiveCfg = Debug|Any CPU
		{415561BC-CF64-42EF-A778-C5045A83BF2F}.Debug|Any CPU.Build.0 = Debug|Any CPU
		{415561BC-CF64-42EF-A778-C5045A83BF2F}.Release|Any CPU.ActiveCfg = Release|Any CPU
		{415561BC-CF64-42EF-A778-C5045A83BF2F}.Release|Any CPU.Build.0 = Release|Any CPU
		{48CCC5AB-D766-4B4E-9732-0AEBF668A86F}.Debug|Any CPU.ActiveCfg = Debug|Any CPU
		{48CCC5AB-D766-4B4E-9732-0AEBF668A86F}.Debug|Any CPU.Build.0 = Debug|Any CPU
		{48CCC5AB-D766-4B4E-9732-0AEBF668A86F}.Release|Any CPU.ActiveCfg = Release|Any CPU
		{48CCC5AB-D766-4B4E-9732-0AEBF668A86F}.Release|Any CPU.Build.0 = Release|Any CPU
	EndGlobalSection
	GlobalSection(SolutionProperties) = preSolution
		HideSolutionNode = FALSE
	EndGlobalSection
	GlobalSection(NestedProjects) = preSolution
		{8AC7FE61-0DB8-4C6F-8358-AF33FF79C56B} = {E5B94377-ABEE-444E-9292-5CDC970135F2}
		{37764061-02E7-432F-8B66-1001D76B8005} = {C5A1EC9C-0B13-4BF2-8045-B6B58163EE55}
		{61679B2B-F265-495E-85EB-5A451B044390} = {2C4232B4-40D9-4900-AD74-D81749EAAAC8}
		{BB012F6C-DEEC-48F6-B711-C3485878E9FA} = {7C169291-3F2E-473D-B633-28D0C801FC58}
		{22C75085-B7FF-4290-BE6C-477E800EE6BA} = {F41609AA-FA9B-402D-B2DC-675F11BEE25E}
		{194B5431-4C1D-4E6A-B561-E68B1907E957} = {45B42266-2ED3-4F51-AF5C-2B33EDE56E3F}
		{C27D304B-2228-41FB-AF1D-8CD529C2F00C} = {194B5431-4C1D-4E6A-B561-E68B1907E957}
		{25F079FB-668E-4358-91D1-0098F14E37BF} = {45B42266-2ED3-4F51-AF5C-2B33EDE56E3F}
		{01EA02E2-A130-47AE-A04A-C5C8CDC1C347} = {25F079FB-668E-4358-91D1-0098F14E37BF}
		{24AFF198-DD13-4626-8F94-73602EF93AAD} = {25F079FB-668E-4358-91D1-0098F14E37BF}
		{415561BC-CF64-42EF-A778-C5045A83BF2F} = {641ED5C7-F533-4CD2-AABE-79392711DA11}
		{48CCC5AB-D766-4B4E-9732-0AEBF668A86F} = {70352F19-F49A-48B0-9432-CB0556C8A043}
	EndGlobalSection
	GlobalSection(ExtensibilityGlobals) = postSolution
		SolutionGuid = {648DCEE0-F978-4DD5-A55C-9A84F39EDF6C}
	EndGlobalSection
EndGlobal
